
Microsoft Visual Studio Solution File, Format Version 12.00
# Visual Studio 15
VisualStudioVersion = 15.0.28307.106
MinimumVisualStudioVersion = 10.0.40219.1
Project("{888888A0-9F3D-457C-B088-3A5042F75D52}") = "polyfit", "polyfit\polyfit.pyproj", "{7D14021B-4918-4EC2-812F-1A911E291B46}"
EndProject
Global
	GlobalSection(SolutionConfigurationPlatforms) = preSolution
		Debug|Any CPU = Debug|Any CPU
		Release|Any CPU = Release|Any CPU
	EndGlobalSection
	GlobalSection(ProjectConfigurationPlatforms) = postSolution
		{7D14021B-4918-4EC2-812F-1A911E291B46}.Debug|Any CPU.ActiveCfg = Debug|Any CPU
		{7D14021B-4918-4EC2-812F-1A911E291B46}.Release|Any CPU.ActiveCfg = Release|Any CPU
	EndGlobalSection
	GlobalSection(SolutionProperties) = preSolution
		HideSolutionNode = FALSE
	EndGlobalSection
	GlobalSection(ExtensibilityGlobals) = postSolution
		SolutionGuid = {553BDA63-FE33-4BE1-8F27-849F5320F45B}
	EndGlobalSection
EndGlobal
